
Microsoft Visual Studio Solution File, Format Version 12.00
# Visual Studio 14
VisualStudioVersion = 14.0.24720.0
MinimumVisualStudioVersion = 10.0.40219.1
Project("{FAE04EC0-301F-11D3-BF4B-00C04F79EFBC}") = "FirstApp", "FirstApp\FirstApp.csproj", "{DC5EA7B9-2A75-4B4F-A54E-D44ED334C6C5}"
EndProject
Project("{FAE04EC0-301F-11D3-BF4B-00C04F79EFBC}") = "T3", "T3\T3.csproj", "{7BC1EAB3-5121-4077-AAD3-7404F06288B6}"
EndProject
Project("{FAE04EC0-301F-11D3-BF4B-00C04F79EFBC}") = "T1", "T1\T1.csproj", "{333F63C8-EF69-4FDF-A983-8ED7BDB5FD57}"
EndProject
Project("{FAE04EC0-301F-11D3-BF4B-00C04F79EFBC}") = "T2", "T2\T2.csproj", "{026DCF6C-3DE5-4212-96E5-68F04AB81D2A}"
EndProject
Global
	GlobalSection(SolutionConfigurationPlatforms) = preSolution
		Debug|ARM = Debug|ARM
		Debug|x64 = Debug|x64
		Debug|x86 = Debug|x86
		Release|ARM = Release|ARM
		Release|x64 = Release|x64
		Release|x86 = Release|x86
	EndGlobalSection
	GlobalSection(ProjectConfigurationPlatforms) = postSolution
		{DC5EA7B9-2A75-4B4F-A54E-D44ED334C6C5}.Debug|ARM.ActiveCfg = Debug|ARM
		{DC5EA7B9-2A75-4B4F-A54E-D44ED334C6C5}.Debug|ARM.Build.0 = Debug|ARM
		{DC5EA7B9-2A75-4B4F-A54E-D44ED334C6C5}.Debug|ARM.Deploy.0 = Debug|ARM
		{DC5EA7B9-2A75-4B4F-A54E-D44ED334C6C5}.Debug|x64.ActiveCfg = Debug|x64
		{DC5EA7B9-2A75-4B4F-A54E-D44ED334C6C5}.Debug|x64.Build.0 = Debug|x64
		{DC5EA7B9-2A75-4B4F-A54E-D44ED334C6C5}.Debug|x64.Deploy.0 = Debug|x64
		{DC5EA7B9-2A75-4B4F-A54E-D44ED334C6C5}.Debug|x86.ActiveCfg = Debug|x86
		{DC5EA7B9-2A75-4B4F-A54E-D44ED334C6C5}.Debug|x86.Build.0 = Debug|x86
		{DC5EA7B9-2A75-4B4F-A54E-D44ED334C6C5}.Debug|x86.Deploy.0 = Debug|x86
		{DC5EA7B9-2A75-4B4F-A54E-D44ED334C6C5}.Release|ARM.ActiveCfg = Release|ARM
		{DC5EA7B9-2A75-4B4F-A54E-D44ED334C6C5}.Release|ARM.Build.0 = Release|ARM
		{DC5EA7B9-2A75-4B4F-A54E-D44ED334C6C5}.Release|ARM.Deploy.0 = Release|ARM
		{DC5EA7B9-2A75-4B4F-A54E-D44ED334C6C5}.Release|x64.ActiveCfg = Release|x64
		{DC5EA7B9-2A75-4B4F-A54E-D44ED334C6C5}.Release|x64.Build.0 = Release|x64
		{DC5EA7B9-2A75-4B4F-A54E-D44ED334C6C5}.Release|x64.Deploy.0 = Release|x64
		{DC5EA7B9-2A75-4B4F-A54E-D44ED334C6C5}.Release|x86.ActiveCfg = Release|x86
		{DC5EA7B9-2A75-4B4F-A54E-D44ED334C6C5}.Release|x86.Build.0 = Release|x86
		{DC5EA7B9-2A75-4B4F-A54E-D44ED334C6C5}.Release|x86.Deploy.0 = Release|x86
		{7BC1EAB3-5121-4077-AAD3-7404F06288B6}.Debug|ARM.ActiveCfg = Debug|ARM
		{7BC1EAB3-5121-4077-AAD3-7404F06288B6}.Debug|ARM.Build.0 = Debug|ARM
		{7BC1EAB3-5121-4077-AAD3-7404F06288B6}.Debug|ARM.Deploy.0 = Debug|ARM
		{7BC1EAB3-5121-4077-AAD3-7404F06288B6}.Debug|x64.ActiveCfg = Debug|x64
		{7BC1EAB3-5121-4077-AAD3-7404F06288B6}.Debug|x64.Build.0 = Debug|x64
		{7BC1EAB3-5121-4077-AAD3-7404F06288B6}.Debug|x64.Deploy.0 = Debug|x64
		{7BC1EAB3-5121-4077-AAD3-7404F06288B6}.Debug|x86.ActiveCfg = Debug|x86
		{7BC1EAB3-5121-4077-AAD3-7404F06288B6}.Debug|x86.Build.0 = Debug|x86
		{7BC1EAB3-5121-4077-AAD3-7404F06288B6}.Debug|x86.Deploy.0 = Debug|x86
		{7BC1EAB3-5121-4077-AAD3-7404F06288B6}.Release|ARM.ActiveCfg = Release|ARM
		{7BC1EAB3-5121-4077-AAD3-7404F06288B6}.Release|ARM.Build.0 = Release|ARM
		{7BC1EAB3-5121-4077-AAD3-7404F06288B6}.Release|ARM.Deploy.0 = Release|ARM
		{7BC1EAB3-5121-4077-AAD3-7404F06288B6}.Release|x64.ActiveCfg = Release|x64
		{7BC1EAB3-5121-4077-AAD3-7404F06288B6}.Release|x64.Build.0 = Release|x64
		{7BC1EAB3-5121-4077-AAD3-7404F06288B6}.Release|x64.Deploy.0 = Release|x64
		{7BC1EAB3-5121-4077-AAD3-7404F06288B6}.Release|x86.ActiveCfg = Release|x86
		{7BC1EAB3-5121-4077-AAD3-7404F06288B6}.Release|x86.Build.0 = Release|x86
		{7BC1EAB3-5121-4077-AAD3-7404F06288B6}.Release|x86.Deploy.0 = Release|x86
		{333F63C8-EF69-4FDF-A983-8ED7BDB5FD57}.Debug|ARM.ActiveCfg = Debug|ARM
		{333F63C8-EF69-4FDF-A983-8ED7BDB5FD57}.Debug|ARM.Build.0 = Debug|ARM
		{333F63C8-EF69-4FDF-A983-8ED7BDB5FD57}.Debug|ARM.Deploy.0 = Debug|ARM
		{333F63C8-EF69-4FDF-A983-8ED7BDB5FD57}.Debug|x64.ActiveCfg = Debug|x64
		{333F63C8-EF69-4FDF-A983-8ED7BDB5FD57}.Debug|x64.Build.0 = Debug|x64
		{333F63C8-EF69-4FDF-A983-8ED7BDB5FD57}.Debug|x64.Deploy.0 = Debug|x64
		{333F63C8-EF69-4FDF-A983-8ED7BDB5FD57}.Debug|x86.ActiveCfg = Debug|x86
		{333F63C8-EF69-4FDF-A983-8ED7BDB5FD57}.Debug|x86.Build.0 = Debug|x86
		{333F63C8-EF69-4FDF-A983-8ED7BDB5FD57}.Debug|x86.Deploy.0 = Debug|x86
		{333F63C8-EF69-4FDF-A983-8ED7BDB5FD57}.Release|ARM.ActiveCfg = Release|ARM
		{333F63C8-EF69-4FDF-A983-8ED7BDB5FD57}.Release|ARM.Build.0 = Release|ARM
		{333F63C8-EF69-4FDF-A983-8ED7BDB5FD57}.Release|ARM.Deploy.0 = Release|ARM
		{333F63C8-EF69-4FDF-A983-8ED7BDB5FD57}.Release|x64.ActiveCfg = Release|x64
		{333F63C8-EF69-4FDF-A983-8ED7BDB5FD57}.Release|x64.Build.0 = Release|x64
		{333F63C8-EF69-4FDF-A983-8ED7BDB5FD57}.Release|x64.Deploy.0 = Release|x64
		{333F63C8-EF69-4FDF-A983-8ED7BDB5FD57}.Release|x86.ActiveCfg = Release|x86
		{333F63C8-EF69-4FDF-A983-8ED7BDB5FD57}.Release|x86.Build.0 = Release|x86
		{333F63C8-EF69-4FDF-A983-8ED7BDB5FD57}.Release|x86.Deploy.0 = Release|x86
		{026DCF6C-3DE5-4212-96E5-68F04AB81D2A}.Debug|ARM.ActiveCfg = Debug|ARM
		{026DCF6C-3DE5-4212-96E5-68F04AB81D2A}.Debug|ARM.Build.0 = Debug|ARM
		{026DCF6C-3DE5-4212-96E5-68F04AB81D2A}.Debug|ARM.Deploy.0 = Debug|ARM
		{026DCF6C-3DE5-4212-96E5-68F04AB81D2A}.Debug|x64.ActiveCfg = Debug|x64
		{026DCF6C-3DE5-4212-96E5-68F04AB81D2A}.Debug|x64.Build.0 = Debug|x64
		{026DCF6C-3DE5-4212-96E5-68F04AB81D2A}.Debug|x64.Deploy.0 = Debug|x64
		{026DCF6C-3DE5-4212-96E5-68F04AB81D2A}.Debug|x86.ActiveCfg = Debug|x86
		{026DCF6C-3DE5-4212-96E5-68F04AB81D2A}.Debug|x86.Build.0 = Debug|x86
		{026DCF6C-3DE5-4212-96E5-68F04AB81D2A}.Debug|x86.Deploy.0 = Debug|x86
		{026DCF6C-3DE5-4212-96E5-68F04AB81D2A}.Release|ARM.ActiveCfg = Release|ARM
		{026DCF6C-3DE5-4212-96E5-68F04AB81D2A}.Release|ARM.Build.0 = Release|ARM
		{026DCF6C-3DE5-4212-96E5-68F04AB81D2A}.Release|ARM.Deploy.0 = Release|ARM
		{026DCF6C-3DE5-4212-96E5-68F04AB81D2A}.Release|x64.ActiveCfg = Release|x64
		{026DCF6C-3DE5-4212-96E5-68F04AB81D2A}.Release|x64.Build.0 = Release|x64
		{026DCF6C-3DE5-4212-96E5-68F04AB81D2A}.Release|x64.Deploy.0 = Release|x64
		{026DCF6C-3DE5-4212-96E5-68F04AB81D2A}.Release|x86.ActiveCfg = Release|x86
		{026DCF6C-3DE5-4212-96E5-68F04AB81D2A}.Release|x86.Build.0 = Release|x86
		{026DCF6C-3DE5-4212-96E5-68F04AB81D2A}.Release|x86.Deploy.0 = Release|x86
	EndGlobalSection
	GlobalSection(SolutionProperties) = preSolution
		HideSolutionNode = FALSE
	EndGlobalSection
EndGlobal
